# This file is autogenerated, do not edit; changes may be undone by the next 'dep ensure'.


[[projects]]
  digest = "1:2c0d38c0cc63b8e16067daffdfe05be8546a3c47b89c3de97f34e3314541f4cf"
  name = "github.com/go-redis/redis"
  packages = [
    ".",
    "internal",
    "internal/consistenthash",
    "internal/hashtag",
    "internal/pool",
    "internal/proto",
    "internal/util",
  ]
  pruneopts = ""
  revision = "99cd690a7019656b0b67c6664453f27a6d8a658e"
  version = "v6.15.7"

[[projects]]
  branch = "prefixOnLevels"
  digest = "1:808e03f3f2fb57fef18d1e1dd6712caf5b6612b2720b05e336d62ed1eb85b259"
  name = "github.com/splitio/go-toolkit"
  packages = [
    "asynctask",
    "common",
    "datastructures/set",
    "logging",
    "queuecache",
    "redis",
    "redis/helpers",
    "redis/mocks",
    "sse",
    "workerpool",
  ]
  pruneopts = ""
  revision = "cb588f1be4c9425006482dfdff7aa373888062f7"

[[projects]]
  digest = "1:43eca683d801087f3acacfd036474638bc5e293ff6078758d710d99c40ec3f7c"
  name = "gopkg.in/yaml.v2"
  packages = ["."]
  pruneopts = ""
  revision = "0b1645d91e851e735d3e23330303ce81f70adbe3"
  version = "v2.3.0"

[solve-meta]
  analyzer-name = "dep"
  analyzer-version = 1
  input-imports = [
    "github.com/splitio/go-toolkit/asynctask",
    "github.com/splitio/go-toolkit/common",
    "github.com/splitio/go-toolkit/datastructures/set",
    "github.com/splitio/go-toolkit/logging",
    "github.com/splitio/go-toolkit/queuecache",
    "github.com/splitio/go-toolkit/redis",
    "github.com/splitio/go-toolkit/redis/helpers",
    "github.com/splitio/go-toolkit/redis/mocks",
    "github.com/splitio/go-toolkit/sse",
    "github.com/splitio/go-toolkit/workerpool",
    "gopkg.in/yaml.v2",
  ]
  solver-name = "gps-cdcl"
  solver-version = 1
