# This file is autogenerated, do not edit; changes may be undone by the next 'dep ensure'.


[[projects]]
  digest = "1:2c0d38c0cc63b8e16067daffdfe05be8546a3c47b89c3de97f34e3314541f4cf"
  name = "github.com/go-redis/redis"
  packages = [
    ".",
    "internal",
    "internal/consistenthash",
    "internal/hashtag",
    "internal/pool",
    "internal/proto",
    "internal/util",
  ]
  pruneopts = ""
  revision = "99cd690a7019656b0b67c6664453f27a6d8a658e"
  version = "v6.15.7"

[[projects]]
  digest = "1:edfe9156a54cd2607ef0a0977a33ee50620b5bb4b90d4cd3eca1e2a1d02e945a"
  name = "github.com/splitio/go-toolkit"
  packages = [
    "datastructures/set",
    "deepcopy",
    "logging",
    "redis",
    "redis/helpers",
    "redis/mocks",
  ]
  pruneopts = ""
  revision = "b3b0f86e735a9db5ced273c272cbb2f84ba8ffdf"

[solve-meta]
  analyzer-name = "dep"
  analyzer-version = 1
  input-imports = [
    "github.com/splitio/go-toolkit/datastructures/set",
    "github.com/splitio/go-toolkit/deepcopy",
    "github.com/splitio/go-toolkit/logging",
    "github.com/splitio/go-toolkit/redis",
    "github.com/splitio/go-toolkit/redis/helpers",
    "github.com/splitio/go-toolkit/redis/mocks",
  ]
  solver-name = "gps-cdcl"
  solver-version = 1
