# This file is autogenerated, do not edit; changes may be undone by the next 'dep ensure'.


[[projects]]
  digest = "1:2c0d38c0cc63b8e16067daffdfe05be8546a3c47b89c3de97f34e3314541f4cf"
  name = "github.com/go-redis/redis"
  packages = [
    ".",
    "internal",
    "internal/consistenthash",
    "internal/hashtag",
    "internal/pool",
    "internal/proto",
    "internal/util",
  ]
  pruneopts = ""
  revision = "99cd690a7019656b0b67c6664453f27a6d8a658e"
  version = "v6.15.7"

[[projects]]
  digest = "1:c45802472e0c06928cd997661f2af610accd85217023b1d5f6331bebce0671d3"
  name = "github.com/pkg/errors"
  packages = ["."]
  pruneopts = ""
  revision = "614d223910a179a466c1767a985424175c39b465"
  version = "v0.9.1"

[[projects]]
  branch = "development"
  digest = "1:3f4e8e06ae165304148e69db031d5987f5d242ae59b9e4b0c51f188c70001c46"
  name = "github.com/splitio/go-toolkit"
  packages = [
    "asynctask",
    "datastructures/set",
    "deepcopy",
    "logging",
    "redis",
    "redis/helpers",
    "redis/mocks",
    "workerpool",
  ]
  pruneopts = ""
  revision = "195a8cbb3931f6da003c45914d7ba3ab02ea687a"

[[projects]]
  digest = "1:25767798b44837eea0f7b801d327ccd3136dfade65e780b8ed94b606fbaea65a"
  name = "github.com/splitio/split-synchronizer"
  packages = [
    "appcontext",
    "conf",
    "log",
    "splitio",
  ]
  pruneopts = ""
  revision = "1e7b3999d26aa75d4f2443357a79e98a76c95e44"
  version = "2.0.0"

[[projects]]
  digest = "1:43eca683d801087f3acacfd036474638bc5e293ff6078758d710d99c40ec3f7c"
  name = "gopkg.in/yaml.v2"
  packages = ["."]
  pruneopts = ""
  revision = "0b1645d91e851e735d3e23330303ce81f70adbe3"
  version = "v2.3.0"

[solve-meta]
  analyzer-name = "dep"
  analyzer-version = 1
  input-imports = [
    "github.com/pkg/errors",
    "github.com/splitio/go-toolkit/asynctask",
    "github.com/splitio/go-toolkit/datastructures/set",
    "github.com/splitio/go-toolkit/deepcopy",
    "github.com/splitio/go-toolkit/logging",
    "github.com/splitio/go-toolkit/redis",
    "github.com/splitio/go-toolkit/redis/helpers",
    "github.com/splitio/go-toolkit/redis/mocks",
    "github.com/splitio/go-toolkit/workerpool",
    "github.com/splitio/split-synchronizer/log",
    "gopkg.in/yaml.v2",
  ]
  solver-name = "gps-cdcl"
  solver-version = 1
